
Microsoft Visual Studio Solution File, Format Version 12.00
# Visual Studio Version 17
VisualStudioVersion = 17.14.36616.10
MinimumVisualStudioVersion = 10.0.40219.1
Project("{FAE04EC0-301F-11D3-BF4B-00C04F79EFBC}") = "RealEstateAgency.Domain", "RealEstateAgency.Domain\RealEstateAgency.Domain.csproj", "{672B9961-D3ED-4971-9022-D2ED05F2DA88}"
EndProject
Project("{FAE04EC0-301F-11D3-BF4B-00C04F79EFBC}") = "RealEstateAgency.Test", "RealEstateAgency.Test\RealEstateAgency.Test.csproj", "{FB5D7238-4273-43D3-B928-A6EFAC67109C}"
EndProject
Project("{FAE04EC0-301F-11D3-BF4B-00C04F79EFBC}") = "RealEstateAgency.Infrastructure.EfCore", "RealEstateAgency.Infrastructure.EfCore\RealEstateAgency.Infrastructure.EfCore.csproj", "{86F68A69-82EA-4A13-BF8A-D1DDD34E53F5}"
EndProject
Project("{FAE04EC0-301F-11D3-BF4B-00C04F79EFBC}") = "RealEstateAgency.Domain.Shared", "RealEstateAgency.Domain.Shared\RealEstateAgency.Domain.Shared.csproj", "{D180A3D4-948C-4BDA-84C1-51025758B798}"
EndProject
Project("{FAE04EC0-301F-11D3-BF4B-00C04F79EFBC}") = "RealEstateAgency.Application", "RealEstateAgency.Application\RealEstateAgency.Application.csproj", "{AB69CF9B-D15F-4C20-87EC-345CFFB6A2A0}"
EndProject
Project("{FAE04EC0-301F-11D3-BF4B-00C04F79EFBC}") = "RealEstateAgency.Application.Contracts", "RealEstateAgency.Application.Contracts\RealEstateAgency.Application.Contracts.csproj", "{B7347BBF-B851-4F6B-AC92-CCE906B9F1A0}"
EndProject
Project("{FAE04EC0-301F-11D3-BF4B-00C04F79EFBC}") = "RealEstateAgency.Api.Host", "RealEstateAgency.Api.Host\RealEstateAgency.Api.Host.csproj", "{14235258-CF4E-19E7-1E02-BD59ADDE927B}"
EndProject
Project("{FAE04EC0-301F-11D3-BF4B-00C04F79EFBC}") = "RealEstateAgency.AppHost", "RealEstateAgency.AppHost\RealEstateAgency.AppHost.csproj", "{E55146FC-3BF0-4928-AAF8-0E284E3CC62E}"
EndProject
Project("{FAE04EC0-301F-11D3-BF4B-00C04F79EFBC}") = "RealEstateAgency.ServiceDefaults", "RealEstateAgency.ServiceDefaults\RealEstateAgency.ServiceDefaults.csproj", "{7F9DBAF2-08A7-7390-FBBC-4310C54B9462}"
EndProject
Project("{FAE04EC0-301F-11D3-BF4B-00C04F79EFBC}") = "RealEstateAgency.Infrastructure.RabbitMq", "RealEstateAgency.Infrastructure.RabbitMq\RealEstateAgency.Infrastructure.RabbitMq.csproj", "{B69D500E-5248-42E9-A02B-DB9F5B97DAC7}"
EndProject
Project("{FAE04EC0-301F-11D3-BF4B-00C04F79EFBC}") = "RealEstateAgency.Generator.RabbitMq.Host", "RealEstateAgency.Generator.RabbitMq.Host\RealEstateAgency.Generator.RabbitMq.Host.csproj", "{26592005-5040-F5FB-8223-E04505266208}"
EndProject
Global
	GlobalSection(SolutionConfigurationPlatforms) = preSolution
		Debug|Any CPU = Debug|Any CPU
		Release|Any CPU = Release|Any CPU
	EndGlobalSection
	GlobalSection(ProjectConfigurationPlatforms) = postSolution
		{672B9961-D3ED-4971-9022-D2ED05F2DA88}.Debug|Any CPU.ActiveCfg = Debug|Any CPU
		{672B9961-D3ED-4971-9022-D2ED05F2DA88}.Debug|Any CPU.Build.0 = Debug|Any CPU
		{672B9961-D3ED-4971-9022-D2ED05F2DA88}.Release|Any CPU.ActiveCfg = Release|Any CPU
		{672B9961-D3ED-4971-9022-D2ED05F2DA88}.Release|Any CPU.Build.0 = Release|Any CPU
		{FB5D7238-4273-43D3-B928-A6EFAC67109C}.Debug|Any CPU.ActiveCfg = Debug|Any CPU
		{FB5D7238-4273-43D3-B928-A6EFAC67109C}.Debug|Any CPU.Build.0 = Debug|Any CPU
		{FB5D7238-4273-43D3-B928-A6EFAC67109C}.Release|Any CPU.ActiveCfg = Release|Any CPU
		{FB5D7238-4273-43D3-B928-A6EFAC67109C}.Release|Any CPU.Build.0 = Release|Any CPU
		{86F68A69-82EA-4A13-BF8A-D1DDD34E53F5}.Debug|Any CPU.ActiveCfg = Debug|Any CPU
		{86F68A69-82EA-4A13-BF8A-D1DDD34E53F5}.Debug|Any CPU.Build.0 = Debug|Any CPU
		{86F68A69-82EA-4A13-BF8A-D1DDD34E53F5}.Release|Any CPU.ActiveCfg = Release|Any CPU
		{86F68A69-82EA-4A13-BF8A-D1DDD34E53F5}.Release|Any CPU.Build.0 = Release|Any CPU
		{D180A3D4-948C-4BDA-84C1-51025758B798}.Debug|Any CPU.ActiveCfg = Debug|Any CPU
		{D180A3D4-948C-4BDA-84C1-51025758B798}.Debug|Any CPU.Build.0 = Debug|Any CPU
		{D180A3D4-948C-4BDA-84C1-51025758B798}.Release|Any CPU.ActiveCfg = Release|Any CPU
		{D180A3D4-948C-4BDA-84C1-51025758B798}.Release|Any CPU.Build.0 = Release|Any CPU
		{AB69CF9B-D15F-4C20-87EC-345CFFB6A2A0}.Debug|Any CPU.ActiveCfg = Debug|Any CPU
		{AB69CF9B-D15F-4C20-87EC-345CFFB6A2A0}.Debug|Any CPU.Build.0 = Debug|Any CPU
		{AB69CF9B-D15F-4C20-87EC-345CFFB6A2A0}.Release|Any CPU.ActiveCfg = Release|Any CPU
		{AB69CF9B-D15F-4C20-87EC-345CFFB6A2A0}.Release|Any CPU.Build.0 = Release|Any CPU
		{B7347BBF-B851-4F6B-AC92-CCE906B9F1A0}.Debug|Any CPU.ActiveCfg = Debug|Any CPU
		{B7347BBF-B851-4F6B-AC92-CCE906B9F1A0}.Debug|Any CPU.Build.0 = Debug|Any CPU
		{B7347BBF-B851-4F6B-AC92-CCE906B9F1A0}.Release|Any CPU.ActiveCfg = Release|Any CPU
		{B7347BBF-B851-4F6B-AC92-CCE906B9F1A0}.Release|Any CPU.Build.0 = Release|Any CPU
		{14235258-CF4E-19E7-1E02-BD59ADDE927B}.Debug|Any CPU.ActiveCfg = Debug|Any CPU
		{14235258-CF4E-19E7-1E02-BD59ADDE927B}.Debug|Any CPU.Build.0 = Debug|Any CPU
		{14235258-CF4E-19E7-1E02-BD59ADDE927B}.Release|Any CPU.ActiveCfg = Release|Any CPU
		{14235258-CF4E-19E7-1E02-BD59ADDE927B}.Release|Any CPU.Build.0 = Release|Any CPU
		{E55146FC-3BF0-4928-AAF8-0E284E3CC62E}.Debug|Any CPU.ActiveCfg = Debug|Any CPU
		{E55146FC-3BF0-4928-AAF8-0E284E3CC62E}.Debug|Any CPU.Build.0 = Debug|Any CPU
		{E55146FC-3BF0-4928-AAF8-0E284E3CC62E}.Release|Any CPU.ActiveCfg = Release|Any CPU
		{E55146FC-3BF0-4928-AAF8-0E284E3CC62E}.Release|Any CPU.Build.0 = Release|Any CPU
		{7F9DBAF2-08A7-7390-FBBC-4310C54B9462}.Debug|Any CPU.ActiveCfg = Debug|Any CPU
		{7F9DBAF2-08A7-7390-FBBC-4310C54B9462}.Debug|Any CPU.Build.0 = Debug|Any CPU
		{7F9DBAF2-08A7-7390-FBBC-4310C54B9462}.Release|Any CPU.ActiveCfg = Release|Any CPU
		{7F9DBAF2-08A7-7390-FBBC-4310C54B9462}.Release|Any CPU.Build.0 = Release|Any CPU
		{B69D500E-5248-42E9-A02B-DB9F5B97DAC7}.Debug|Any CPU.ActiveCfg = Debug|Any CPU
		{B69D500E-5248-42E9-A02B-DB9F5B97DAC7}.Debug|Any CPU.Build.0 = Debug|Any CPU
		{B69D500E-5248-42E9-A02B-DB9F5B97DAC7}.Release|Any CPU.ActiveCfg = Release|Any CPU
		{B69D500E-5248-42E9-A02B-DB9F5B97DAC7}.Release|Any CPU.Build.0 = Release|Any CPU
		{26592005-5040-F5FB-8223-E04505266208}.Debug|Any CPU.ActiveCfg = Debug|Any CPU
		{26592005-5040-F5FB-8223-E04505266208}.Debug|Any CPU.Build.0 = Debug|Any CPU
		{26592005-5040-F5FB-8223-E04505266208}.Release|Any CPU.ActiveCfg = Release|Any CPU
		{26592005-5040-F5FB-8223-E04505266208}.Release|Any CPU.Build.0 = Release|Any CPU
	EndGlobalSection
	GlobalSection(SolutionProperties) = preSolution
		HideSolutionNode = FALSE
	EndGlobalSection
	GlobalSection(ExtensibilityGlobals) = postSolution
		SolutionGuid = {215B0C4C-C888-4960-BF44-44589B3E83B9}
	EndGlobalSection
EndGlobal
